
Microsoft Visual Studio Solution File, Format Version 12.00
# Visual Studio Version 17
VisualStudioVersion = 17.4.33403.182
MinimumVisualStudioVersion = 10.0.40219.1
Project("{FAE04EC0-301F-11D3-BF4B-00C04F79EFBC}") = "ProjectAdd2numbers", "ProjectAdd2numbers\ProjectAdd2numbers.csproj", "{524ADFEA-BBB7-4A97-B7D4-00C53FD156AD}"
EndProject
Global
	GlobalSection(SolutionConfigurationPlatforms) = preSolution
		Debug|Any CPU = Debug|Any CPU
		Release|Any CPU = Release|Any CPU
	EndGlobalSection
	GlobalSection(ProjectConfigurationPlatforms) = postSolution
		{524ADFEA-BBB7-4A97-B7D4-00C53FD156AD}.Debug|Any CPU.ActiveCfg = Debug|Any CPU
		{524ADFEA-BBB7-4A97-B7D4-00C53FD156AD}.Debug|Any CPU.Build.0 = Debug|Any CPU
		{524ADFEA-BBB7-4A97-B7D4-00C53FD156AD}.Release|Any CPU.ActiveCfg = Release|Any CPU
		{524ADFEA-BBB7-4A97-B7D4-00C53FD156AD}.Release|Any CPU.Build.0 = Release|Any CPU
	EndGlobalSection
	GlobalSection(SolutionProperties) = preSolution
		HideSolutionNode = FALSE
	EndGlobalSection
	GlobalSection(ExtensibilityGlobals) = postSolution
		SolutionGuid = {7B6F6F47-64D6-448C-8C6E-4E8F15A43A9C}
	EndGlobalSection
EndGlobal
